{
  "name": "netlify-local-plugins",
  "version": "1.0.0",
  "lockfileVersion": 3,
  "requires": true,
  "packages": {
    "": {
      "name": "netlify-local-plugins",
      "version": "1.0.0",
      "license": "MIT",
      "dependencies": {
        "@netlify/plugin-emails": "1.1.1"
      }
    },
    "node_modules/@netlify/functions": {
      "version": "1.6.0",
      "resolved": "https://registry.npmjs.org/@netlify/functions/-/functions-1.6.0.tgz",
      "integrity": "sha512-6G92AlcpFrQG72XU8YH8pg94eDnq7+Q0YJhb8x4qNpdGsvuzvrfHWBmqFGp/Yshmv4wex9lpsTRZOocdrA2erQ==",
      "license": "MIT",
      "dependencies": {
        "is-promise": "^4.0.0"
      },
      "engines": {
        "node": ">=14.0.0"
      }
    },
    "node_modules/@netlify/plugin-emails": {
      "version": "1.1.1",
      "resolved": "https://registry.npmjs.org/@netlify/plugin-emails/-/plugin-emails-1.1.1.tgz",
      "integrity": "sha512-SXiPGTYlGX+xE+XKNFoyOh1Cxr/fJTHsjtmuD99femruA9nqUzpd5qasVmZxm8zbWyVlihS00Ctvfs9hVh2whA==",
      "license": "MIT",
      "dependencies": {
        "@netlify/functions": "^1.2.0",
        "https": "^1.0.0",
        "path": "^0.12.7",
        "tslib": "^2.4.0"
      },
      "engines": {
        "node": ">= 16.0.0",
        "npm": ">= 7.10.0"
      }
    },
    "node_modules/https": {
      "version": "1.0.0",
      "resolved": "https://registry.npmjs.org/https/-/https-1.0.0.tgz",
      "integrity": "sha512-4EC57ddXrkaF0x83Oj8sM6SLQHAWXw90Skqu2M4AEWENZ3F02dFJE/GARA8igO79tcgYqGrD7ae4f5L3um2lgg==",
      "license": "ISC"
    },
    "node_modules/inherits": {
      "version": "2.0.3",
      "resolved": "https://registry.npmjs.org/inherits/-/inherits-2.0.3.tgz",
      "integrity": "sha512-x00IRNXNy63jwGkJmzPigoySHbaqpNuzKbBOmzK+g2OdZpQ9w+sxCN+VSB3ja7IAge2OP2qpfxTjeNcyjmW1uw==",
      "license": "ISC"
    },
    "node_modules/is-promise": {
      "version": "4.0.0",
      "resolved": "https://registry.npmjs.org/is-promise/-/is-promise-4.0.0.tgz",
      "integrity": "sha512-hvpoI6korhJMnej285dSg6nu1+e6uxs7zG3BYAm5byqDsgJNWwxzM6z6iZiAgQR4TJ30JmBTOwqZUw3WlyH3AQ==",
      "license": "MIT"
    },
    "node_modules/path": {
      "version": "0.12.7",
      "resolved": "https://registry.npmjs.org/path/-/path-0.12.7.tgz",
      "integrity": "sha512-aXXC6s+1w7otVF9UletFkFcDsJeO7lSZBPUQhtb5O0xJe8LtYhj/GxldoL09bBj9+ZmE2hNoHqQSFMN5fikh4Q==",
      "license": "MIT",
      "dependencies": {
        "process": "^0.11.1",
        "util": "^0.10.3"
      }
    },
    "node_modules/process": {
      "version": "0.11.10",
      "resolved": "https://registry.npmjs.org/process/-/process-0.11.10.tgz",
      "integrity": "sha512-cdGef/drWFoydD1JsMzuFf8100nZl+GT+yacc2bEced5f9Rjk4z+WtFUTBu9PhOi9j/jfmBPu0mMEY4wIdAF8A==",
      "license": "MIT",
      "engines": {
        "node": ">= 0.6.0"
      }
    },
    "node_modules/tslib": {
      "version": "2.8.1",
      "resolved": "https://registry.npmjs.org/tslib/-/tslib-2.8.1.tgz",
      "integrity": "sha512-oJFu94HQb+KVduSUQL7wnpmqnfmLsOA/nAh6b6EH0wCEoK0/mPeXU6c3wKDV83MkOuHPRHtSXKKU99IBazS/2w==",
      "license": "0BSD"
    },
    "node_modules/util": {
      "version": "0.10.4",
      "resolved": "https://registry.npmjs.org/util/-/util-0.10.4.tgz",
      "integrity": "sha512-0Pm9hTQ3se5ll1XihRic3FDIku70C+iHUdT/W926rSgHV5QgXsYbKZN8MSC3tJtSkhuROzvsQjAaFENRXr+19A==",
      "license": "MIT",
      "dependencies": {
        "inherits": "2.0.3"
      }
    }
  }
}
